
Microsoft Visual Studio Solution File, Format Version 12.00
# Visual Studio Version 17
VisualStudioVersion = 17.2.32602.215
MinimumVisualStudioVersion = 10.0.40219.1
Project("{FAE04EC0-301F-11D3-BF4B-00C04F79EFBC}") = "YoutubeParser", "YoutubeParser.csproj", "{23A4CAA8-CB19-4052-BA9B-9A3F8321E57A}"
EndProject
Project("{FAE04EC0-301F-11D3-BF4B-00C04F79EFBC}") = "Example", "..\Example\Example.csproj", "{3748D77E-C0D2-4E2B-9835-824F91B79B71}"
EndProject
Global
	GlobalSection(SolutionConfigurationPlatforms) = preSolution
		Debug|Any CPU = Debug|Any CPU
		Release|Any CPU = Release|Any CPU
	EndGlobalSection
	GlobalSection(ProjectConfigurationPlatforms) = postSolution
		{23A4CAA8-CB19-4052-BA9B-9A3F8321E57A}.Debug|Any CPU.ActiveCfg = Debug|Any CPU
		{23A4CAA8-CB19-4052-BA9B-9A3F8321E57A}.Debug|Any CPU.Build.0 = Debug|Any CPU
		{23A4CAA8-CB19-4052-BA9B-9A3F8321E57A}.Release|Any CPU.ActiveCfg = Release|Any CPU
		{23A4CAA8-CB19-4052-BA9B-9A3F8321E57A}.Release|Any CPU.Build.0 = Release|Any CPU
		{3748D77E-C0D2-4E2B-9835-824F91B79B71}.Debug|Any CPU.ActiveCfg = Debug|Any CPU
		{3748D77E-C0D2-4E2B-9835-824F91B79B71}.Debug|Any CPU.Build.0 = Debug|Any CPU
		{3748D77E-C0D2-4E2B-9835-824F91B79B71}.Release|Any CPU.ActiveCfg = Release|Any CPU
		{3748D77E-C0D2-4E2B-9835-824F91B79B71}.Release|Any CPU.Build.0 = Release|Any CPU
	EndGlobalSection
	GlobalSection(SolutionProperties) = preSolution
		HideSolutionNode = FALSE
	EndGlobalSection
	GlobalSection(ExtensibilityGlobals) = postSolution
		SolutionGuid = {9405AD7C-8893-4AE9-8FCF-B611AAAA5AB9}
	EndGlobalSection
EndGlobal
